
Microsoft Visual Studio Solution File, Format Version 12.00
# Visual Studio Version 17
VisualStudioVersion = 17.11.35303.130
MinimumVisualStudioVersion = 10.0.40219.1
Project("{FAE04EC0-301F-11D3-BF4B-00C04F79EFBC}") = "MyCoreApp", "MyCoreApp.csproj", "{43295D69-C92E-44F5-BF54-3D4828BCEFEA}"
EndProject
Global
	GlobalSection(SolutionConfigurationPlatforms) = preSolution
		Debug|Any CPU = Debug|Any CPU
		Release|Any CPU = Release|Any CPU
	EndGlobalSection
	GlobalSection(ProjectConfigurationPlatforms) = postSolution
		{43295D69-C92E-44F5-BF54-3D4828BCEFEA}.Debug|Any CPU.ActiveCfg = Debug|Any CPU
		{43295D69-C92E-44F5-BF54-3D4828BCEFEA}.Debug|Any CPU.Build.0 = Debug|Any CPU
		{43295D69-C92E-44F5-BF54-3D4828BCEFEA}.Release|Any CPU.ActiveCfg = Release|Any CPU
		{43295D69-C92E-44F5-BF54-3D4828BCEFEA}.Release|Any CPU.Build.0 = Release|Any CPU
	EndGlobalSection
	GlobalSection(SolutionProperties) = preSolution
		HideSolutionNode = FALSE
	EndGlobalSection
	GlobalSection(ExtensibilityGlobals) = postSolution
		SolutionGuid = {F60C9987-2EA5-49A2-B1C8-0727DA10E7A0}
	EndGlobalSection
EndGlobal
